
Microsoft Visual Studio Solution File, Format Version 12.00
# Visual Studio Version 16
VisualStudioVersion = 16.0.30621.155
MinimumVisualStudioVersion = 10.0.40219.1
Project("{FAE04EC0-301F-11D3-BF4B-00C04F79EFBC}") = "SumDigitsOfInteger", "SumDigitsOfInteger.csproj", "{AE7558D1-C360-45F9-B042-0FF32897F64F}"
EndProject
Global
	GlobalSection(SolutionConfigurationPlatforms) = preSolution
		Debug|Any CPU = Debug|Any CPU
		Release|Any CPU = Release|Any CPU
	EndGlobalSection
	GlobalSection(ProjectConfigurationPlatforms) = postSolution
		{AE7558D1-C360-45F9-B042-0FF32897F64F}.Debug|Any CPU.ActiveCfg = Debug|Any CPU
		{AE7558D1-C360-45F9-B042-0FF32897F64F}.Debug|Any CPU.Build.0 = Debug|Any CPU
		{AE7558D1-C360-45F9-B042-0FF32897F64F}.Release|Any CPU.ActiveCfg = Release|Any CPU
		{AE7558D1-C360-45F9-B042-0FF32897F64F}.Release|Any CPU.Build.0 = Release|Any CPU
	EndGlobalSection
	GlobalSection(SolutionProperties) = preSolution
		HideSolutionNode = FALSE
	EndGlobalSection
	GlobalSection(ExtensibilityGlobals) = postSolution
		SolutionGuid = {3F415CB1-D15B-43B4-AF85-374A54B9A1B7}
	EndGlobalSection
EndGlobal
