
Microsoft Visual Studio Solution File, Format Version 12.00
# Visual Studio Version 16
VisualStudioVersion = 16.0.30621.155
MinimumVisualStudioVersion = 10.0.40219.1
Project("{FAE04EC0-301F-11D3-BF4B-00C04F79EFBC}") = "Average10Floats", "Average10Floats.csproj", "{13AFB9B1-C22F-435F-9FF3-A3E053ABE20E}"
EndProject
Global
	GlobalSection(SolutionConfigurationPlatforms) = preSolution
		Debug|Any CPU = Debug|Any CPU
		Release|Any CPU = Release|Any CPU
	EndGlobalSection
	GlobalSection(ProjectConfigurationPlatforms) = postSolution
		{13AFB9B1-C22F-435F-9FF3-A3E053ABE20E}.Debug|Any CPU.ActiveCfg = Debug|Any CPU
		{13AFB9B1-C22F-435F-9FF3-A3E053ABE20E}.Debug|Any CPU.Build.0 = Debug|Any CPU
		{13AFB9B1-C22F-435F-9FF3-A3E053ABE20E}.Release|Any CPU.ActiveCfg = Release|Any CPU
		{13AFB9B1-C22F-435F-9FF3-A3E053ABE20E}.Release|Any CPU.Build.0 = Release|Any CPU
	EndGlobalSection
	GlobalSection(SolutionProperties) = preSolution
		HideSolutionNode = FALSE
	EndGlobalSection
	GlobalSection(ExtensibilityGlobals) = postSolution
		SolutionGuid = {64E2C317-61BB-4763-A8EA-1EE55DC8BAE9}
	EndGlobalSection
EndGlobal
