
Microsoft Visual Studio Solution File, Format Version 12.00
# Visual Studio Version 16
VisualStudioVersion = 16.0.30804.86
MinimumVisualStudioVersion = 10.0.40219.1
Project("{FAE04EC0-301F-11D3-BF4B-00C04F79EFBC}") = "DontUseExceptions", "DontUseExceptions.csproj", "{B37B2EC3-6569-4C13-96BD-A11FB667BE7D}"
EndProject
Global
	GlobalSection(SolutionConfigurationPlatforms) = preSolution
		Debug|Any CPU = Debug|Any CPU
		Release|Any CPU = Release|Any CPU
	EndGlobalSection
	GlobalSection(ProjectConfigurationPlatforms) = postSolution
		{B37B2EC3-6569-4C13-96BD-A11FB667BE7D}.Debug|Any CPU.ActiveCfg = Debug|Any CPU
		{B37B2EC3-6569-4C13-96BD-A11FB667BE7D}.Debug|Any CPU.Build.0 = Debug|Any CPU
		{B37B2EC3-6569-4C13-96BD-A11FB667BE7D}.Release|Any CPU.ActiveCfg = Release|Any CPU
		{B37B2EC3-6569-4C13-96BD-A11FB667BE7D}.Release|Any CPU.Build.0 = Release|Any CPU
	EndGlobalSection
	GlobalSection(SolutionProperties) = preSolution
		HideSolutionNode = FALSE
	EndGlobalSection
	GlobalSection(ExtensibilityGlobals) = postSolution
		SolutionGuid = {CA828AF9-4522-4C32-8AF7-C7FD60E798AC}
	EndGlobalSection
EndGlobal
