
Microsoft Visual Studio Solution File, Format Version 12.00
# Visual Studio Version 16
VisualStudioVersion = 16.0.30711.63
MinimumVisualStudioVersion = 10.0.40219.1
Project("{FAE04EC0-301F-11D3-BF4B-00C04F79EFBC}") = "Shape", "Shape.csproj", "{B67573ED-2BB7-4058-A5A7-27D26DA63EAE}"
EndProject
Global
	GlobalSection(SolutionConfigurationPlatforms) = preSolution
		Debug|Any CPU = Debug|Any CPU
		Release|Any CPU = Release|Any CPU
	EndGlobalSection
	GlobalSection(ProjectConfigurationPlatforms) = postSolution
		{B67573ED-2BB7-4058-A5A7-27D26DA63EAE}.Debug|Any CPU.ActiveCfg = Debug|Any CPU
		{B67573ED-2BB7-4058-A5A7-27D26DA63EAE}.Debug|Any CPU.Build.0 = Debug|Any CPU
		{B67573ED-2BB7-4058-A5A7-27D26DA63EAE}.Release|Any CPU.ActiveCfg = Release|Any CPU
		{B67573ED-2BB7-4058-A5A7-27D26DA63EAE}.Release|Any CPU.Build.0 = Release|Any CPU
	EndGlobalSection
	GlobalSection(SolutionProperties) = preSolution
		HideSolutionNode = FALSE
	EndGlobalSection
	GlobalSection(ExtensibilityGlobals) = postSolution
		SolutionGuid = {F7024A23-C443-4452-B10F-6D11D9959758}
	EndGlobalSection
EndGlobal
