
Microsoft Visual Studio Solution File, Format Version 12.00
# Visual Studio Version 16
VisualStudioVersion = 16.0.30621.155
MinimumVisualStudioVersion = 10.0.40219.1
Project("{FAE04EC0-301F-11D3-BF4B-00C04F79EFBC}") = "StaticProperties", "StaticProperties.csproj", "{7FF2D8DE-7AB8-4651-94AC-6C987DD4A9D3}"
EndProject
Global
	GlobalSection(SolutionConfigurationPlatforms) = preSolution
		Debug|Any CPU = Debug|Any CPU
		Release|Any CPU = Release|Any CPU
	EndGlobalSection
	GlobalSection(ProjectConfigurationPlatforms) = postSolution
		{7FF2D8DE-7AB8-4651-94AC-6C987DD4A9D3}.Debug|Any CPU.ActiveCfg = Debug|Any CPU
		{7FF2D8DE-7AB8-4651-94AC-6C987DD4A9D3}.Debug|Any CPU.Build.0 = Debug|Any CPU
		{7FF2D8DE-7AB8-4651-94AC-6C987DD4A9D3}.Release|Any CPU.ActiveCfg = Release|Any CPU
		{7FF2D8DE-7AB8-4651-94AC-6C987DD4A9D3}.Release|Any CPU.Build.0 = Release|Any CPU
	EndGlobalSection
	GlobalSection(SolutionProperties) = preSolution
		HideSolutionNode = FALSE
	EndGlobalSection
	GlobalSection(ExtensibilityGlobals) = postSolution
		SolutionGuid = {7E7508A3-E32E-4A59-9538-3E1694FDC029}
	EndGlobalSection
EndGlobal
