
Microsoft Visual Studio Solution File, Format Version 12.00
# Visual Studio Version 16
VisualStudioVersion = 16.0.30523.141
MinimumVisualStudioVersion = 10.0.40219.1
Project("{FAE04EC0-301F-11D3-BF4B-00C04F79EFBC}") = "Homework2HelloWorld", "Homework2HelloWorld.csproj", "{62F3D35B-C95F-48B6-ACDA-F74CDC7B6166}"
EndProject
Global
	GlobalSection(SolutionConfigurationPlatforms) = preSolution
		Debug|Any CPU = Debug|Any CPU
		Release|Any CPU = Release|Any CPU
	EndGlobalSection
	GlobalSection(ProjectConfigurationPlatforms) = postSolution
		{62F3D35B-C95F-48B6-ACDA-F74CDC7B6166}.Debug|Any CPU.ActiveCfg = Debug|Any CPU
		{62F3D35B-C95F-48B6-ACDA-F74CDC7B6166}.Debug|Any CPU.Build.0 = Debug|Any CPU
		{62F3D35B-C95F-48B6-ACDA-F74CDC7B6166}.Release|Any CPU.ActiveCfg = Release|Any CPU
		{62F3D35B-C95F-48B6-ACDA-F74CDC7B6166}.Release|Any CPU.Build.0 = Release|Any CPU
	EndGlobalSection
	GlobalSection(SolutionProperties) = preSolution
		HideSolutionNode = FALSE
	EndGlobalSection
	GlobalSection(ExtensibilityGlobals) = postSolution
		SolutionGuid = {A1467B8C-04FF-4469-84AB-922C5E7127C6}
	EndGlobalSection
EndGlobal
